// !$*UTF8*$!
{
	archiveVersion = 1;
	classes = {
	};
	objectVersion = 56;
	objects = {

/* Begin PBXBuildFile section */
		2E2443A8AEBD22B8BBEBB4A8 /* ManagebacData.swift in Sources */ = {isa = PBXBuildFile; fileRef = 2E244C55F33CE9AB8E88A167 /* ManagebacData.swift */; };
		37DF1C6B29320D930031830A /* ManagebacAPI.swift in Sources */ = {isa = PBXBuildFile; fileRef = 37DF1C6A29320D930031830A /* ManagebacAPI.swift */; };
		37FA0270291BFD9500A25791 /* Managebac_OverviewApp.swift in Sources */ = {isa = PBXBuildFile; fileRef = 37FA026F291BFD9500A25791 /* Managebac_OverviewApp.swift */; };
		37FA0272291BFD9500A25791 /* ContentView.swift in Sources */ = {isa = PBXBuildFile; fileRef = 37FA0271291BFD9500A25791 /* ContentView.swift */; };
		37FA0274291BFD9500A25791 /* Assets.xcassets in Resources */ = {isa = PBXBuildFile; fileRef = 37FA0273291BFD9500A25791 /* Assets.xcassets */; };
		37FA0277291BFD9500A25791 /* Preview Assets.xcassets in Resources */ = {isa = PBXBuildFile; fileRef = 37FA0276291BFD9500A25791 /* Preview Assets.xcassets */; };
		37FA0282291BFD9500A25791 /* Managebac_OverviewTests.swift in Sources */ = {isa = PBXBuildFile; fileRef = 37FA0281291BFD9500A25791 /* Managebac_OverviewTests.swift */; };
		37FA028C291BFD9500A25791 /* Managebac_OverviewUITests.swift in Sources */ = {isa = PBXBuildFile; fileRef = 37FA028B291BFD9500A25791 /* Managebac_OverviewUITests.swift */; };
		37FA028E291BFD9500A25791 /* Managebac_OverviewUITestsLaunchTests.swift in Sources */ = {isa = PBXBuildFile; fileRef = 37FA028D291BFD9500A25791 /* Managebac_OverviewUITestsLaunchTests.swift */; };
/* End PBXBuildFile section */

/* Begin PBXContainerItemProxy section */
		37FA027E291BFD9500A25791 /* PBXContainerItemProxy */ = {
			isa = PBXContainerItemProxy;
			containerPortal = 37FA0264291BFD9500A25791 /* Project object */;
			proxyType = 1;
			remoteGlobalIDString = 37FA026B291BFD9500A25791;
			remoteInfo = "Managebac Overview";
		};
		37FA0288291BFD9500A25791 /* PBXContainerItemProxy */ = {
			isa = PBXContainerItemProxy;
			containerPortal = 37FA0264291BFD9500A25791 /* Project object */;
			proxyType = 1;
			remoteGlobalIDString = 37FA026B291BFD9500A25791;
			remoteInfo = "Managebac Overview";
		};
/* End PBXContainerItemProxy section */

/* Begin PBXFileReference section */
		2E244C55F33CE9AB8E88A167 /* ManagebacData.swift */ = {isa = PBXFileReference; fileEncoding = 4; lastKnownFileType = sourcecode.swift; path = ManagebacData.swift; sourceTree = "<group>"; };
		37DF1C6A29320D930031830A /* ManagebacAPI.swift */ = {isa = PBXFileReference; lastKnownFileType = sourcecode.swift; path = ManagebacAPI.swift; sourceTree = "<group>"; };
		37FA026C291BFD9500A25791 /* Managebac Overview.app */ = {isa = PBXFileReference; explicitFileType = wrapper.application; includeInIndex = 0; path = "Managebac Overview.app"; sourceTree = BUILT_PRODUCTS_DIR; };
		37FA026F291BFD9500A25791 /* Managebac_OverviewApp.swift */ = {isa = PBXFileReference; lastKnownFileType = sourcecode.swift; path = Managebac_OverviewApp.swift; sourceTree = "<group>"; };
		37FA0271291BFD9500A25791 /* ContentView.swift */ = {isa = PBXFileReference; lastKnownFileType = sourcecode.swift; path = ContentView.swift; sourceTree = "<group>"; };
		37FA0273291BFD9500A25791 /* Assets.xcassets */ = {isa = PBXFileReference; lastKnownFileType = folder.assetcatalog; path = Assets.xcassets; sourceTree = "<group>"; };
		37FA0276291BFD9500A25791 /* Preview Assets.xcassets */ = {isa = PBXFileReference; lastKnownFileType = folder.assetcatalog; path = "Preview Assets.xcassets"; sourceTree = "<group>"; };
		37FA0278291BFD9500A25791 /* Managebac_Overview.entitlements */ = {isa = PBXFileReference; lastKnownFileType = text.plist.entitlements; path = Managebac_Overview.entitlements; sourceTree = "<group>"; };
		37FA027D291BFD9500A25791 /* Managebac OverviewTests.xctest */ = {isa = PBXFileReference; explicitFileType = wrapper.cfbundle; includeInIndex = 0; path = "Managebac OverviewTests.xctest"; sourceTree = BUILT_PRODUCTS_DIR; };
		37FA0281291BFD9500A25791 /* Managebac_OverviewTests.swift */ = {isa = PBXFileReference; lastKnownFileType = sourcecode.swift; path = Managebac_OverviewTests.swift; sourceTree = "<group>"; };
		37FA0287291BFD9500A25791 /* Managebac OverviewUITests.xctest */ = {isa = PBXFileReference; explicitFileType = wrapper.cfbundle; includeInIndex = 0; path = "Managebac OverviewUITests.xctest"; sourceTree = BUILT_PRODUCTS_DIR; };
		37FA028B291BFD9500A25791 /* Managebac_OverviewUITests.swift */ = {isa = PBXFileReference; lastKnownFileType = sourcecode.swift; path = Managebac_OverviewUITests.swift; sourceTree = "<group>"; };
		37FA028D291BFD9500A25791 /* Managebac_OverviewUITestsLaunchTests.swift */ = {isa = PBXFileReference; lastKnownFileType = sourcecode.swift; path = Managebac_OverviewUITestsLaunchTests.swift; sourceTree = "<group>"; };
/* End PBXFileReference section */

/* Begin PBXFrameworksBuildPhase section */
		37FA0269291BFD9500A25791 /* Frameworks */ = {
			isa = PBXFrameworksBuildPhase;
			buildActionMask = 2147483647;
			files = (
			);
			runOnlyForDeploymentPostprocessing = 0;
		};
		37FA027A291BFD9500A25791 /* Frameworks */ = {
			isa = PBXFrameworksBuildPhase;
			buildActionMask = 2147483647;
			files = (
			);
			runOnlyForDeploymentPostprocessing = 0;
		};
		37FA0284291BFD9500A25791 /* Frameworks */ = {
			isa = PBXFrameworksBuildPhase;
			buildActionMask = 2147483647;
			files = (
			);
			runOnlyForDeploymentPostprocessing = 0;
		};
/* End PBXFrameworksBuildPhase section */

/* Begin PBXGroup section */
		37FA0263291BFD9500A25791 = {
			isa = PBXGroup;
			children = (
				37FA026E291BFD9500A25791 /* Managebac Overview */,
				37FA0280291BFD9500A25791 /* Managebac OverviewTests */,
				37FA028A291BFD9500A25791 /* Managebac OverviewUITests */,
				37FA026D291BFD9500A25791 /* Products */,
			);
			sourceTree = "<group>";
		};
		37FA026D291BFD9500A25791 /* Products */ = {
			isa = PBXGroup;
			children = (
				37FA026C291BFD9500A25791 /* Managebac Overview.app */,
				37FA027D291BFD9500A25791 /* Managebac OverviewTests.xctest */,
				37FA0287291BFD9500A25791 /* Managebac OverviewUITests.xctest */,
			);
			name = Products;
			sourceTree = "<group>";
		};
		37FA026E291BFD9500A25791 /* Managebac Overview */ = {
			isa = PBXGroup;
			children = (
				37FA026F291BFD9500A25791 /* Managebac_OverviewApp.swift */,
				37FA0271291BFD9500A25791 /* ContentView.swift */,
				37DF1C6A29320D930031830A /* ManagebacAPI.swift */,
				2E244C55F33CE9AB8E88A167 /* ManagebacData.swift */,
				37FA0273291BFD9500A25791 /* Assets.xcassets */,
				37FA0278291BFD9500A25791 /* Managebac_Overview.entitlements */,
				37FA0275291BFD9500A25791 /* Preview Content */,
			);
			path = "Managebac Overview";
			sourceTree = "<group>";
		};
		37FA0275291BFD9500A25791 /* Preview Content */ = {
			isa = PBXGroup;
			children = (
				37FA0276291BFD9500A25791 /* Preview Assets.xcassets */,
			);
			path = "Preview Content";
			sourceTree = "<group>";
		};
		37FA0280291BFD9500A25791 /* Managebac OverviewTests */ = {
			isa = PBXGroup;
			children = (
				37FA0281291BFD9500A25791 /* Managebac_OverviewTests.swift */,
			);
			path = "Managebac OverviewTests";
			sourceTree = "<group>";
		};
		37FA028A291BFD9500A25791 /* Managebac OverviewUITests */ = {
			isa = PBXGroup;
			children = (
				37FA028B291BFD9500A25791 /* Managebac_OverviewUITests.swift */,
				37FA028D291BFD9500A25791 /* Managebac_OverviewUITestsLaunchTests.swift */,
			);
			path = "Managebac OverviewUITests";
			sourceTree = "<group>";
		};
/* End PBXGroup section */

/* Begin PBXNativeTarget section */
		37FA026B291BFD9500A25791 /* Managebac Overview */ = {
			isa = PBXNativeTarget;
			buildConfigurationList = 37FA0291291BFD9500A25791 /* Build configuration list for PBXNativeTarget "Managebac Overview" */;
			buildPhases = (
				37FA0268291BFD9500A25791 /* Sources */,
				37FA0269291BFD9500A25791 /* Frameworks */,
				37FA026A291BFD9500A25791 /* Resources */,
			);
			buildRules = (
			);
			dependencies = (
			);
			name = "Managebac Overview";
			packageProductDependencies = (
			);
			productName = "Managebac Overview";
			productReference = 37FA026C291BFD9500A25791 /* Managebac Overview.app */;
			productType = "com.apple.product-type.application";
		};
		37FA027C291BFD9500A25791 /* Managebac OverviewTests */ = {
			isa = PBXNativeTarget;
			buildConfigurationList = 37FA0294291BFD9500A25791 /* Build configuration list for PBXNativeTarget "Managebac OverviewTests" */;
			buildPhases = (
				37FA0279291BFD9500A25791 /* Sources */,
				37FA027A291BFD9500A25791 /* Frameworks */,
				37FA027B291BFD9500A25791 /* Resources */,
			);
			buildRules = (
			);
			dependencies = (
				37FA027F291BFD9500A25791 /* PBXTargetDependency */,
			);
			name = "Managebac OverviewTests";
			productName = "Managebac OverviewTests";
			productReference = 37FA027D291BFD9500A25791 /* Managebac OverviewTests.xctest */;
			productType = "com.apple.product-type.bundle.unit-test";
		};
		37FA0286291BFD9500A25791 /* Managebac OverviewUITests */ = {
			isa = PBXNativeTarget;
			buildConfigurationList = 37FA0297291BFD9500A25791 /* Build configuration list for PBXNativeTarget "Managebac OverviewUITests" */;
			buildPhases = (
				37FA0283291BFD9500A25791 /* Sources */,
				37FA0284291BFD9500A25791 /* Frameworks */,
				37FA0285291BFD9500A25791 /* Resources */,
			);
			buildRules = (
			);
			dependencies = (
				37FA0289291BFD9500A25791 /* PBXTargetDependency */,
			);
			name = "Managebac OverviewUITests";
			productName = "Managebac OverviewUITests";
			productReference = 37FA0287291BFD9500A25791 /* Managebac OverviewUITests.xctest */;
			productType = "com.apple.product-type.bundle.ui-testing";
		};
/* End PBXNativeTarget section */

/* Begin PBXProject section */
		37FA0264291BFD9500A25791 /* Project object */ = {
			isa = PBXProject;
			attributes = {
				BuildIndependentTargetsInParallel = 1;
				LastSwiftUpdateCheck = 1410;
				LastUpgradeCheck = 1420;
				TargetAttributes = {
					37FA026B291BFD9500A25791 = {
						CreatedOnToolsVersion = 14.1;
					};
					37FA027C291BFD9500A25791 = {
						CreatedOnToolsVersion = 14.1;
						TestTargetID = 37FA026B291BFD9500A25791;
					};
					37FA0286291BFD9500A25791 = {
						CreatedOnToolsVersion = 14.1;
						TestTargetID = 37FA026B291BFD9500A25791;
					};
				};
			};
			buildConfigurationList = 37FA0267291BFD9500A25791 /* Build configuration list for PBXProject "Managebac Overview" */;
			compatibilityVersion = "Xcode 14.0";
			developmentRegion = en;
			hasScannedForEncodings = 0;
			knownRegions = (
				en,
				Base,
			);
			mainGroup = 37FA0263291BFD9500A25791;
			packageReferences = (
			);
			productRefGroup = 37FA026D291BFD9500A25791 /* Products */;
			projectDirPath = "";
			projectRoot = "";
			targets = (
				37FA026B291BFD9500A25791 /* Managebac Overview */,
				37FA027C291BFD9500A25791 /* Managebac OverviewTests */,
				37FA0286291BFD9500A25791 /* Managebac OverviewUITests */,
			);
		};
/* End PBXProject section */

/* Begin PBXResourcesBuildPhase section */
		37FA026A291BFD9500A25791 /* Resources */ = {
			isa = PBXResourcesBuildPhase;
			buildActionMask = 2147483647;
			files = (
				37FA0277291BFD9500A25791 /* Preview Assets.xcassets in Resources */,
				37FA0274291BFD9500A25791 /* Assets.xcassets in Resources */,
			);
			runOnlyForDeploymentPostprocessing = 0;
		};
		37FA027B291BFD9500A25791 /* Resources */ = {
			isa = PBXResourcesBuildPhase;
			buildActionMask = 2147483647;
			files = (
			);
			runOnlyForDeploymentPostprocessing = 0;
		};
		37FA0285291BFD9500A25791 /* Resources */ = {
			isa = PBXResourcesBuildPhase;
			buildActionMask = 2147483647;
			files = (
			);
			runOnlyForDeploymentPostprocessing = 0;
		};
/* End PBXResourcesBuildPhase section */

/* Begin PBXSourcesBuildPhase section */
		37FA0268291BFD9500A25791 /* Sources */ = {
			isa = PBXSourcesBuildPhase;
			buildActionMask = 2147483647;
			files = (
				37FA0272291BFD9500A25791 /* ContentView.swift in Sources */,
				37DF1C6B29320D930031830A /* ManagebacAPI.swift in Sources */,
				37FA0270291BFD9500A25791 /* Managebac_OverviewApp.swift in Sources */,
				2E2443A8AEBD22B8BBEBB4A8 /* ManagebacData.swift in Sources */,
			);
			runOnlyForDeploymentPostprocessing = 0;
		};
		37FA0279291BFD9500A25791 /* Sources */ = {
			isa = PBXSourcesBuildPhase;
			buildActionMask = 2147483647;
			files = (
				37FA0282291BFD9500A25791 /* Managebac_OverviewTests.swift in Sources */,
			);
			runOnlyForDeploymentPostprocessing = 0;
		};
		37FA0283291BFD9500A25791 /* Sources */ = {
			isa = PBXSourcesBuildPhase;
			buildActionMask = 2147483647;
			files = (
				37FA028C291BFD9500A25791 /* Managebac_OverviewUITests.swift in Sources */,
				37FA028E291BFD9500A25791 /* Managebac_OverviewUITestsLaunchTests.swift in Sources */,
			);
			runOnlyForDeploymentPostprocessing = 0;
		};
/* End PBXSourcesBuildPhase section */

/* Begin PBXTargetDependency section */
		37FA027F291BFD9500A25791 /* PBXTargetDependency */ = {
			isa = PBXTargetDependency;
			target = 37FA026B291BFD9500A25791 /* Managebac Overview */;
			targetProxy = 37FA027E291BFD9500A25791 /* PBXContainerItemProxy */;
		};
		37FA0289291BFD9500A25791 /* PBXTargetDependency */ = {
			isa = PBXTargetDependency;
			target = 37FA026B291BFD9500A25791 /* Managebac Overview */;
			targetProxy = 37FA0288291BFD9500A25791 /* PBXContainerItemProxy */;
		};
/* End PBXTargetDependency section */

/* Begin XCBuildConfiguration section */
		37FA028F291BFD9500A25791 /* Debug */ = {
			isa = XCBuildConfiguration;
			buildSettings = {
				ALWAYS_SEARCH_USER_PATHS = NO;
				CLANG_ANALYZER_NONNULL = YES;
				CLANG_ANALYZER_NUMBER_OBJECT_CONVERSION = YES_AGGRESSIVE;
				CLANG_CXX_LANGUAGE_STANDARD = "gnu++20";
				CLANG_ENABLE_MODULES = YES;
				CLANG_ENABLE_OBJC_ARC = YES;
				CLANG_ENABLE_OBJC_WEAK = YES;
				CLANG_WARN_BLOCK_CAPTURE_AUTORELEASING = YES;
				CLANG_WARN_BOOL_CONVERSION = YES;
				CLANG_WARN_COMMA = YES;
				CLANG_WARN_CONSTANT_CONVERSION = YES;
				CLANG_WARN_DEPRECATED_OBJC_IMPLEMENTATIONS = YES;
				CLANG_WARN_DIRECT_OBJC_ISA_USAGE = YES_ERROR;
				CLANG_WARN_DOCUMENTATION_COMMENTS = YES;
				CLANG_WARN_EMPTY_BODY = YES;
				CLANG_WARN_ENUM_CONVERSION = YES;
				CLANG_WARN_INFINITE_RECURSION = YES;
				CLANG_WARN_INT_CONVERSION = YES;
				CLANG_WARN_NON_LITERAL_NULL_CONVERSION = YES;
				CLANG_WARN_OBJC_IMPLICIT_RETAIN_SELF = YES;
				CLANG_WARN_OBJC_LITERAL_CONVERSION = YES;
				CLANG_WARN_OBJC_ROOT_CLASS = YES_ERROR;
				CLANG_WARN_QUOTED_INCLUDE_IN_FRAMEWORK_HEADER = YES;
				CLANG_WARN_RANGE_LOOP_ANALYSIS = YES;
				CLANG_WARN_STRICT_PROTOTYPES = YES;
				CLANG_WARN_SUSPICIOUS_MOVE = YES;
				CLANG_WARN_UNGUARDED_AVAILABILITY = YES_AGGRESSIVE;
				CLANG_WARN_UNREACHABLE_CODE = YES;
				CLANG_WARN__DUPLICATE_METHOD_MATCH = YES;
				COPY_PHASE_STRIP = NO;
				DEAD_CODE_STRIPPING = YES;
				DEBUG_INFORMATION_FORMAT = dwarf;
				ENABLE_STRICT_OBJC_MSGSEND = YES;
				ENABLE_TESTABILITY = YES;
				GCC_C_LANGUAGE_STANDARD = gnu11;
				GCC_DYNAMIC_NO_PIC = NO;
				GCC_NO_COMMON_BLOCKS = YES;
				GCC_OPTIMIZATION_LEVEL = 0;
				GCC_PREPROCESSOR_DEFINITIONS = (
					"DEBUG=1",
					"$(inherited)",
				);
				GCC_WARN_64_TO_32_BIT_CONVERSION = YES;
				GCC_WARN_ABOUT_RETURN_TYPE = YES_ERROR;
				GCC_WARN_UNDECLARED_SELECTOR = YES;
				GCC_WARN_UNINITIALIZED_AUTOS = YES_AGGRESSIVE;
				GCC_WARN_UNUSED_FUNCTION = YES;
				GCC_WARN_UNUSED_VARIABLE = YES;
				MACOSX_DEPLOYMENT_TARGET = 13.0;
				MTL_ENABLE_DEBUG_INFO = INCLUDE_SOURCE;
				MTL_FAST_MATH = YES;
				ONLY_ACTIVE_ARCH = YES;
				SDKROOT = macosx;
				SWIFT_ACTIVE_COMPILATION_CONDITIONS = DEBUG;
				SWIFT_OPTIMIZATION_LEVEL = "-Onone";
			};
			name = Debug;
		};
		37FA0290291BFD9500A25791 /* Release */ = {
			isa = XCBuildConfiguration;
			buildSettings = {
				ALWAYS_SEARCH_USER_PATHS = NO;
				CLANG_ANALYZER_NONNULL = YES;
				CLANG_ANALYZER_NUMBER_OBJECT_CONVERSION = YES_AGGRESSIVE;
				CLANG_CXX_LANGUAGE_STANDARD = "gnu++20";
				CLANG_ENABLE_MODULES = YES;
				CLANG_ENABLE_OBJC_ARC = YES;
				CLANG_ENABLE_OBJC_WEAK = YES;
				CLANG_WARN_BLOCK_CAPTURE_AUTORELEASING = YES;
				CLANG_WARN_BOOL_CONVERSION = YES;
				CLANG_WARN_COMMA = YES;
				CLANG_WARN_CONSTANT_CONVERSION = YES;
				CLANG_WARN_DEPRECATED_OBJC_IMPLEMENTATIONS = YES;
				CLANG_WARN_DIRECT_OBJC_ISA_USAGE = YES_ERROR;
				CLANG_WARN_DOCUMENTATION_COMMENTS = YES;
				CLANG_WARN_EMPTY_BODY = YES;
				CLANG_WARN_ENUM_CONVERSION = YES;
				CLANG_WARN_INFINITE_RECURSION = YES;
				CLANG_WARN_INT_CONVERSION = YES;
				CLANG_WARN_NON_LITERAL_NULL_CONVERSION = YES;
				CLANG_WARN_OBJC_IMPLICIT_RETAIN_SELF = YES;
				CLANG_WARN_OBJC_LITERAL_CONVERSION = YES;
				CLANG_WARN_OBJC_ROOT_CLASS = YES_ERROR;
				CLANG_WARN_QUOTED_INCLUDE_IN_FRAMEWORK_HEADER = YES;
				CLANG_WARN_RANGE_LOOP_ANALYSIS = YES;
				CLANG_WARN_STRICT_PROTOTYPES = YES;
				CLANG_WARN_SUSPICIOUS_MOVE = YES;
				CLANG_WARN_UNGUARDED_AVAILABILITY = YES_AGGRESSIVE;
				CLANG_WARN_UNREACHABLE_CODE = YES;
				CLANG_WARN__DUPLICATE_METHOD_MATCH = YES;
				COPY_PHASE_STRIP = NO;
				DEAD_CODE_STRIPPING = YES;
				DEBUG_INFORMATION_FORMAT = "dwarf-with-dsym";
				ENABLE_NS_ASSERTIONS = NO;
				ENABLE_STRICT_OBJC_MSGSEND = YES;
				GCC_C_LANGUAGE_STANDARD = gnu11;
				GCC_NO_COMMON_BLOCKS = YES;
				GCC_WARN_64_TO_32_BIT_CONVERSION = YES;
				GCC_WARN_ABOUT_RETURN_TYPE = YES_ERROR;
				GCC_WARN_UNDECLARED_SELECTOR = YES;
				GCC_WARN_UNINITIALIZED_AUTOS = YES_AGGRESSIVE;
				GCC_WARN_UNUSED_FUNCTION = YES;
				GCC_WARN_UNUSED_VARIABLE = YES;
				MACOSX_DEPLOYMENT_TARGET = 13.0;
				MTL_ENABLE_DEBUG_INFO = NO;
				MTL_FAST_MATH = YES;
				SDKROOT = macosx;
				SWIFT_COMPILATION_MODE = wholemodule;
				SWIFT_OPTIMIZATION_LEVEL = "-O";
			};
			name = Release;
		};
		37FA0292291BFD9500A25791 /* Debug */ = {
			isa = XCBuildConfiguration;
			buildSettings = {
				ASSETCATALOG_COMPILER_APPICON_NAME = AppIcon;
				ASSETCATALOG_COMPILER_GLOBAL_ACCENT_COLOR_NAME = AccentColor;
				CODE_SIGN_ENTITLEMENTS = "Managebac Overview/Managebac_Overview.entitlements";
				CODE_SIGN_IDENTITY = "-";
				CODE_SIGN_STYLE = Automatic;
				COMBINE_HIDPI_IMAGES = YES;
				CURRENT_PROJECT_VERSION = 1;
				DEAD_CODE_STRIPPING = YES;
				DEVELOPMENT_ASSET_PATHS = "\"Managebac Overview/Preview Content\"";
				ENABLE_PREVIEWS = YES;
				GENERATE_INFOPLIST_FILE = YES;
				INFOPLIST_KEY_NSHumanReadableCopyright = "";
				LD_RUNPATH_SEARCH_PATHS = (
					"$(inherited)",
					"@executable_path/../Frameworks",
				);
				MARKETING_VERSION = 1.0;
				PRODUCT_BUNDLE_IDENTIFIER = "me.hebing.Managebac-Overview";
				PRODUCT_NAME = "$(TARGET_NAME)";
				SWIFT_EMIT_LOC_STRINGS = YES;
				SWIFT_VERSION = 5.0;
			};
			name = Debug;
		};
		37FA0293291BFD9500A25791 /* Release */ = {
			isa = XCBuildConfiguration;
			buildSettings = {
				ASSETCATALOG_COMPILER_APPICON_NAME = AppIcon;
				ASSETCATALOG_COMPILER_GLOBAL_ACCENT_COLOR_NAME = AccentColor;
				CODE_SIGN_ENTITLEMENTS = "Managebac Overview/Managebac_Overview.entitlements";
				CODE_SIGN_IDENTITY = "-";
				CODE_SIGN_STYLE = Automatic;
				COMBINE_HIDPI_IMAGES = YES;
				CURRENT_PROJECT_VERSION = 1;
				DEAD_CODE_STRIPPING = YES;
				DEVELOPMENT_ASSET_PATHS = "\"Managebac Overview/Preview Content\"";
				ENABLE_PREVIEWS = YES;
				GENERATE_INFOPLIST_FILE = YES;
				INFOPLIST_KEY_NSHumanReadableCopyright = "";
				LD_RUNPATH_SEARCH_PATHS = (
					"$(inherited)",
					"@executable_path/../Frameworks",
				);
				MARKETING_VERSION = 1.0;
				PRODUCT_BUNDLE_IDENTIFIER = "me.hebing.Managebac-Overview";
				PRODUCT_NAME = "$(TARGET_NAME)";
				SWIFT_EMIT_LOC_STRINGS = YES;
				SWIFT_VERSION = 5.0;
			};
			name = Release;
		};
		37FA0295291BFD9500A25791 /* Debug */ = {
			isa = XCBuildConfiguration;
			buildSettings = {
				ALWAYS_EMBED_SWIFT_STANDARD_LIBRARIES = YES;
				BUNDLE_LOADER = "$(TEST_HOST)";
				CODE_SIGN_STYLE = Automatic;
				CURRENT_PROJECT_VERSION = 1;
				DEAD_CODE_STRIPPING = YES;
				GENERATE_INFOPLIST_FILE = YES;
				MACOSX_DEPLOYMENT_TARGET = 13.0;
				MARKETING_VERSION = 1.0;
				PRODUCT_BUNDLE_IDENTIFIER = "me.hebing.Managebac-OverviewTests";
				PRODUCT_NAME = "$(TARGET_NAME)";
				SWIFT_EMIT_LOC_STRINGS = NO;
				SWIFT_VERSION = 5.0;
				TEST_HOST = "$(BUILT_PRODUCTS_DIR)/Managebac Overview.app/$(BUNDLE_EXECUTABLE_FOLDER_PATH)/Managebac Overview";
			};
			name = Debug;
		};
		37FA0296291BFD9500A25791 /* Release */ = {
			isa = XCBuildConfiguration;
			buildSettings = {
				ALWAYS_EMBED_SWIFT_STANDARD_LIBRARIES = YES;
				BUNDLE_LOADER = "$(TEST_HOST)";
				CODE_SIGN_STYLE = Automatic;
				CURRENT_PROJECT_VERSION = 1;
				DEAD_CODE_STRIPPING = YES;
				GENERATE_INFOPLIST_FILE = YES;
				MACOSX_DEPLOYMENT_TARGET = 13.0;
				MARKETING_VERSION = 1.0;
				PRODUCT_BUNDLE_IDENTIFIER = "me.hebing.Managebac-OverviewTests";
				PRODUCT_NAME = "$(TARGET_NAME)";
				SWIFT_EMIT_LOC_STRINGS = NO;
				SWIFT_VERSION = 5.0;
				TEST_HOST = "$(BUILT_PRODUCTS_DIR)/Managebac Overview.app/$(BUNDLE_EXECUTABLE_FOLDER_PATH)/Managebac Overview";
			};
			name = Release;
		};
		37FA0298291BFD9500A25791 /* Debug */ = {
			isa = XCBuildConfiguration;
			buildSettings = {
				ALWAYS_EMBED_SWIFT_STANDARD_LIBRARIES = YES;
				CODE_SIGN_STYLE = Automatic;
				CURRENT_PROJECT_VERSION = 1;
				DEAD_CODE_STRIPPING = YES;
				GENERATE_INFOPLIST_FILE = YES;
				MARKETING_VERSION = 1.0;
				PRODUCT_BUNDLE_IDENTIFIER = "me.hebing.Managebac-OverviewUITests";
				PRODUCT_NAME = "$(TARGET_NAME)";
				SWIFT_EMIT_LOC_STRINGS = NO;
				SWIFT_VERSION = 5.0;
				TEST_TARGET_NAME = "Managebac Overview";
			};
			name = Debug;
		};
		37FA0299291BFD9500A25791 /* Release */ = {
			isa = XCBuildConfiguration;
			buildSettings = {
				ALWAYS_EMBED_SWIFT_STANDARD_LIBRARIES = YES;
				CODE_SIGN_STYLE = Automatic;
				CURRENT_PROJECT_VERSION = 1;
				DEAD_CODE_STRIPPING = YES;
				GENERATE_INFOPLIST_FILE = YES;
				MARKETING_VERSION = 1.0;
				PRODUCT_BUNDLE_IDENTIFIER = "me.hebing.Managebac-OverviewUITests";
				PRODUCT_NAME = "$(TARGET_NAME)";
				SWIFT_EMIT_LOC_STRINGS = NO;
				SWIFT_VERSION = 5.0;
				TEST_TARGET_NAME = "Managebac Overview";
			};
			name = Release;
		};
/* End XCBuildConfiguration section */

/* Begin XCConfigurationList section */
		37FA0267291BFD9500A25791 /* Build configuration list for PBXProject "Managebac Overview" */ = {
			isa = XCConfigurationList;
			buildConfigurations = (
				37FA028F291BFD9500A25791 /* Debug */,
				37FA0290291BFD9500A25791 /* Release */,
			);
			defaultConfigurationIsVisible = 0;
			defaultConfigurationName = Release;
		};
		37FA0291291BFD9500A25791 /* Build configuration list for PBXNativeTarget "Managebac Overview" */ = {
			isa = XCConfigurationList;
			buildConfigurations = (
				37FA0292291BFD9500A25791 /* Debug */,
				37FA0293291BFD9500A25791 /* Release */,
			);
			defaultConfigurationIsVisible = 0;
			defaultConfigurationName = Release;
		};
		37FA0294291BFD9500A25791 /* Build configuration list for PBXNativeTarget "Managebac OverviewTests" */ = {
			isa = XCConfigurationList;
			buildConfigurations = (
				37FA0295291BFD9500A25791 /* Debug */,
				37FA0296291BFD9500A25791 /* Release */,
			);
			defaultConfigurationIsVisible = 0;
			defaultConfigurationName = Release;
		};
		37FA0297291BFD9500A25791 /* Build configuration list for PBXNativeTarget "Managebac OverviewUITests" */ = {
			isa = XCConfigurationList;
			buildConfigurations = (
				37FA0298291BFD9500A25791 /* Debug */,
				37FA0299291BFD9500A25791 /* Release */,
			);
			defaultConfigurationIsVisible = 0;
			defaultConfigurationName = Release;
		};
/* End XCConfigurationList section */
	};
	rootObject = 37FA0264291BFD9500A25791 /* Project object */;
}
